
Microsoft Visual Studio Solution File, Format Version 12.00
# Visual Studio 15
VisualStudioVersion = 15.0.28010.2026
MinimumVisualStudioVersion = 10.0.40219.1
Project("{FAE04EC0-301F-11D3-BF4B-00C04F79EFBC}") = "Enif", "..\uu_lancelot_coreg01-v2\Core\Enif\Enif.csproj", "{A9638232-4F7E-44C6-B67A-E12263E12423}"
EndProject
Project("{FAE04EC0-301F-11D3-BF4B-00C04F79EFBC}") = "EnifBase", "..\uu_lancelot_coreg01-v2\Core\EnifBase\EnifBase.csproj", "{9FBD53D8-B7B3-4D15-851E-DCA433DC62B1}"
EndProject
Project("{FAE04EC0-301F-11D3-BF4B-00C04F79EFBC}") = "EnifData", "..\uu_lancelot_coreg01-v2\Core\EnifData\EnifData.csproj", "{B2183AB9-96B7-4EA3-B991-06F8D6F0A706}"
EndProject
Project("{FAE04EC0-301F-11D3-BF4B-00C04F79EFBC}") = "EnifClient", "..\uu_lancelot_coreg01-v2\Core\EnifClient\EnifClient.csproj", "{2C04D917-D411-41AA-A720-30581A73BA7E}"
EndProject
Project("{FAE04EC0-301F-11D3-BF4B-00C04F79EFBC}") = "EnifGui", "..\uu_lancelot_coreg01-v2\GUI\EnifGui\EnifGui.csproj", "{65B36519-D80A-4B33-A7A4-3BD8C8839325}"
EndProject
Project("{FAE04EC0-301F-11D3-BF4B-00C04F79EFBC}") = "EnifCommon", "..\uu_lancelot_coreg01-v2\Core\EnifCommon\EnifCommon.csproj", "{278F842F-A7FD-4F32-AA7B-5215E4AA3611}"
EndProject
Global
	GlobalSection(SolutionConfigurationPlatforms) = preSolution
		ConnectionToLancelot|Any CPU = ConnectionToLancelot|Any CPU
		ConnectionToLancelot|x86 = ConnectionToLancelot|x86
		Debug - server|Any CPU = Debug - server|Any CPU
		Debug - server|x86 = Debug - server|x86
		Debug EnifProcess|Any CPU = Debug EnifProcess|Any CPU
		Debug EnifProcess|x86 = Debug EnifProcess|x86
		Debug FakeDeneb3ClientEnif|Any CPU = Debug FakeDeneb3ClientEnif|Any CPU
		Debug FakeDeneb3ClientEnif|x86 = Debug FakeDeneb3ClientEnif|x86
		Debug TracePrincipalChanges|Any CPU = Debug TracePrincipalChanges|Any CPU
		Debug TracePrincipalChanges|x86 = Debug TracePrincipalChanges|x86
		Debug|Any CPU = Debug|Any CPU
		Debug|x86 = Debug|x86
		Debug2|Any CPU = Debug2|Any CPU
		Debug2|x86 = Debug2|x86
		DebugEA|Any CPU = DebugEA|Any CPU
		DebugEA|x86 = DebugEA|x86
		Release|Any CPU = Release|Any CPU
		Release|x86 = Release|x86
	EndGlobalSection
	GlobalSection(ProjectConfigurationPlatforms) = postSolution
		{A9638232-4F7E-44C6-B67A-E12263E12423}.ConnectionToLancelot|Any CPU.ActiveCfg = ConnectionToLancelot|Any CPU
		{A9638232-4F7E-44C6-B67A-E12263E12423}.ConnectionToLancelot|Any CPU.Build.0 = ConnectionToLancelot|Any CPU
		{A9638232-4F7E-44C6-B67A-E12263E12423}.ConnectionToLancelot|x86.ActiveCfg = ConnectionToLancelot|x86
		{A9638232-4F7E-44C6-B67A-E12263E12423}.ConnectionToLancelot|x86.Build.0 = ConnectionToLancelot|x86
		{A9638232-4F7E-44C6-B67A-E12263E12423}.Debug - server|Any CPU.ActiveCfg = Debug - server|Any CPU
		{A9638232-4F7E-44C6-B67A-E12263E12423}.Debug - server|Any CPU.Build.0 = Debug - server|Any CPU
		{A9638232-4F7E-44C6-B67A-E12263E12423}.Debug - server|x86.ActiveCfg = Debug - server|x86
		{A9638232-4F7E-44C6-B67A-E12263E12423}.Debug - server|x86.Build.0 = Debug - server|x86
		{A9638232-4F7E-44C6-B67A-E12263E12423}.Debug EnifProcess|Any CPU.ActiveCfg = Debug EnifProcess|Any CPU
		{A9638232-4F7E-44C6-B67A-E12263E12423}.Debug EnifProcess|Any CPU.Build.0 = Debug EnifProcess|Any CPU
		{A9638232-4F7E-44C6-B67A-E12263E12423}.Debug EnifProcess|x86.ActiveCfg = Debug EnifProcess|x86
		{A9638232-4F7E-44C6-B67A-E12263E12423}.Debug EnifProcess|x86.Build.0 = Debug EnifProcess|x86
		{A9638232-4F7E-44C6-B67A-E12263E12423}.Debug FakeDeneb3ClientEnif|Any CPU.ActiveCfg = Debug FakeDeneb3ClientEnif|Any CPU
		{A9638232-4F7E-44C6-B67A-E12263E12423}.Debug FakeDeneb3ClientEnif|Any CPU.Build.0 = Debug FakeDeneb3ClientEnif|Any CPU
		{A9638232-4F7E-44C6-B67A-E12263E12423}.Debug FakeDeneb3ClientEnif|x86.ActiveCfg = Debug FakeDeneb3ClientEnif|x86
		{A9638232-4F7E-44C6-B67A-E12263E12423}.Debug FakeDeneb3ClientEnif|x86.Build.0 = Debug FakeDeneb3ClientEnif|x86
		{A9638232-4F7E-44C6-B67A-E12263E12423}.Debug TracePrincipalChanges|Any CPU.ActiveCfg = Debug TracePrincipalChanges|Any CPU
		{A9638232-4F7E-44C6-B67A-E12263E12423}.Debug TracePrincipalChanges|Any CPU.Build.0 = Debug TracePrincipalChanges|Any CPU
		{A9638232-4F7E-44C6-B67A-E12263E12423}.Debug TracePrincipalChanges|x86.ActiveCfg = Debug TracePrincipalChanges|x86
		{A9638232-4F7E-44C6-B67A-E12263E12423}.Debug TracePrincipalChanges|x86.Build.0 = Debug TracePrincipalChanges|x86
		{A9638232-4F7E-44C6-B67A-E12263E12423}.Debug|Any CPU.ActiveCfg = Debug|Any CPU
		{A9638232-4F7E-44C6-B67A-E12263E12423}.Debug|Any CPU.Build.0 = Debug|Any CPU
		{A9638232-4F7E-44C6-B67A-E12263E12423}.Debug|x86.ActiveCfg = Debug|x86
		{A9638232-4F7E-44C6-B67A-E12263E12423}.Debug|x86.Build.0 = Debug|x86
		{A9638232-4F7E-44C6-B67A-E12263E12423}.Debug2|Any CPU.ActiveCfg = Debug2|Any CPU
		{A9638232-4F7E-44C6-B67A-E12263E12423}.Debug2|Any CPU.Build.0 = Debug2|Any CPU
		{A9638232-4F7E-44C6-B67A-E12263E12423}.Debug2|x86.ActiveCfg = Debug2|x86
		{A9638232-4F7E-44C6-B67A-E12263E12423}.Debug2|x86.Build.0 = Debug2|x86
		{A9638232-4F7E-44C6-B67A-E12263E12423}.DebugEA|Any CPU.ActiveCfg = DebugEA|Any CPU
		{A9638232-4F7E-44C6-B67A-E12263E12423}.DebugEA|Any CPU.Build.0 = DebugEA|Any CPU
		{A9638232-4F7E-44C6-B67A-E12263E12423}.DebugEA|x86.ActiveCfg = DebugEA|x86
		{A9638232-4F7E-44C6-B67A-E12263E12423}.DebugEA|x86.Build.0 = DebugEA|x86
		{A9638232-4F7E-44C6-B67A-E12263E12423}.Release|Any CPU.ActiveCfg = Release|Any CPU
		{A9638232-4F7E-44C6-B67A-E12263E12423}.Release|Any CPU.Build.0 = Release|Any CPU
		{A9638232-4F7E-44C6-B67A-E12263E12423}.Release|x86.ActiveCfg = Release|x86
		{A9638232-4F7E-44C6-B67A-E12263E12423}.Release|x86.Build.0 = Release|x86
		{9FBD53D8-B7B3-4D15-851E-DCA433DC62B1}.ConnectionToLancelot|Any CPU.ActiveCfg = DebugEA|Any CPU
		{9FBD53D8-B7B3-4D15-851E-DCA433DC62B1}.ConnectionToLancelot|Any CPU.Build.0 = DebugEA|Any CPU
		{9FBD53D8-B7B3-4D15-851E-DCA433DC62B1}.ConnectionToLancelot|x86.ActiveCfg = DebugEA|x86
		{9FBD53D8-B7B3-4D15-851E-DCA433DC62B1}.ConnectionToLancelot|x86.Build.0 = DebugEA|x86
		{9FBD53D8-B7B3-4D15-851E-DCA433DC62B1}.Debug - server|Any CPU.ActiveCfg = Debug - server|Any CPU
		{9FBD53D8-B7B3-4D15-851E-DCA433DC62B1}.Debug - server|Any CPU.Build.0 = Debug - server|Any CPU
		{9FBD53D8-B7B3-4D15-851E-DCA433DC62B1}.Debug - server|x86.ActiveCfg = Debug - server|x86
		{9FBD53D8-B7B3-4D15-851E-DCA433DC62B1}.Debug - server|x86.Build.0 = Debug - server|x86
		{9FBD53D8-B7B3-4D15-851E-DCA433DC62B1}.Debug EnifProcess|Any CPU.ActiveCfg = Debug - server|Any CPU
		{9FBD53D8-B7B3-4D15-851E-DCA433DC62B1}.Debug EnifProcess|Any CPU.Build.0 = Debug - server|Any CPU
		{9FBD53D8-B7B3-4D15-851E-DCA433DC62B1}.Debug EnifProcess|x86.ActiveCfg = Debug - server|x86
		{9FBD53D8-B7B3-4D15-851E-DCA433DC62B1}.Debug EnifProcess|x86.Build.0 = Debug - server|x86
		{9FBD53D8-B7B3-4D15-851E-DCA433DC62B1}.Debug FakeDeneb3ClientEnif|Any CPU.ActiveCfg = Debug - server|Any CPU
		{9FBD53D8-B7B3-4D15-851E-DCA433DC62B1}.Debug FakeDeneb3ClientEnif|Any CPU.Build.0 = Debug - server|Any CPU
		{9FBD53D8-B7B3-4D15-851E-DCA433DC62B1}.Debug FakeDeneb3ClientEnif|x86.ActiveCfg = Debug - server|x86
		{9FBD53D8-B7B3-4D15-851E-DCA433DC62B1}.Debug FakeDeneb3ClientEnif|x86.Build.0 = Debug - server|x86
		{9FBD53D8-B7B3-4D15-851E-DCA433DC62B1}.Debug TracePrincipalChanges|Any CPU.ActiveCfg = Debug - server|Any CPU
		{9FBD53D8-B7B3-4D15-851E-DCA433DC62B1}.Debug TracePrincipalChanges|Any CPU.Build.0 = Debug - server|Any CPU
		{9FBD53D8-B7B3-4D15-851E-DCA433DC62B1}.Debug TracePrincipalChanges|x86.ActiveCfg = Debug - server|x86
		{9FBD53D8-B7B3-4D15-851E-DCA433DC62B1}.Debug TracePrincipalChanges|x86.Build.0 = Debug - server|x86
		{9FBD53D8-B7B3-4D15-851E-DCA433DC62B1}.Debug|Any CPU.ActiveCfg = Debug|Any CPU
		{9FBD53D8-B7B3-4D15-851E-DCA433DC62B1}.Debug|Any CPU.Build.0 = Debug|Any CPU
		{9FBD53D8-B7B3-4D15-851E-DCA433DC62B1}.Debug|x86.ActiveCfg = Debug|x86
		{9FBD53D8-B7B3-4D15-851E-DCA433DC62B1}.Debug|x86.Build.0 = Debug|x86
		{9FBD53D8-B7B3-4D15-851E-DCA433DC62B1}.Debug2|Any CPU.ActiveCfg = Debug2|Any CPU
		{9FBD53D8-B7B3-4D15-851E-DCA433DC62B1}.Debug2|Any CPU.Build.0 = Debug2|Any CPU
		{9FBD53D8-B7B3-4D15-851E-DCA433DC62B1}.Debug2|x86.ActiveCfg = Debug2|x86
		{9FBD53D8-B7B3-4D15-851E-DCA433DC62B1}.Debug2|x86.Build.0 = Debug2|x86
		{9FBD53D8-B7B3-4D15-851E-DCA433DC62B1}.DebugEA|Any CPU.ActiveCfg = DebugEA|Any CPU
		{9FBD53D8-B7B3-4D15-851E-DCA433DC62B1}.DebugEA|Any CPU.Build.0 = DebugEA|Any CPU
		{9FBD53D8-B7B3-4D15-851E-DCA433DC62B1}.DebugEA|x86.ActiveCfg = DebugEA|x86
		{9FBD53D8-B7B3-4D15-851E-DCA433DC62B1}.DebugEA|x86.Build.0 = DebugEA|x86
		{9FBD53D8-B7B3-4D15-851E-DCA433DC62B1}.Release|Any CPU.ActiveCfg = Release|Any CPU
		{9FBD53D8-B7B3-4D15-851E-DCA433DC62B1}.Release|Any CPU.Build.0 = Release|Any CPU
		{9FBD53D8-B7B3-4D15-851E-DCA433DC62B1}.Release|x86.ActiveCfg = Release|x86
		{9FBD53D8-B7B3-4D15-851E-DCA433DC62B1}.Release|x86.Build.0 = Release|x86
		{B2183AB9-96B7-4EA3-B991-06F8D6F0A706}.ConnectionToLancelot|Any CPU.ActiveCfg = DebugEA|Any CPU
		{B2183AB9-96B7-4EA3-B991-06F8D6F0A706}.ConnectionToLancelot|Any CPU.Build.0 = DebugEA|Any CPU
		{B2183AB9-96B7-4EA3-B991-06F8D6F0A706}.ConnectionToLancelot|x86.ActiveCfg = DebugEA|x86
		{B2183AB9-96B7-4EA3-B991-06F8D6F0A706}.ConnectionToLancelot|x86.Build.0 = DebugEA|x86
		{B2183AB9-96B7-4EA3-B991-06F8D6F0A706}.Debug - server|Any CPU.ActiveCfg = Debug - server|Any CPU
		{B2183AB9-96B7-4EA3-B991-06F8D6F0A706}.Debug - server|Any CPU.Build.0 = Debug - server|Any CPU
		{B2183AB9-96B7-4EA3-B991-06F8D6F0A706}.Debug - server|x86.ActiveCfg = Debug - server|x86
		{B2183AB9-96B7-4EA3-B991-06F8D6F0A706}.Debug - server|x86.Build.0 = Debug - server|x86
		{B2183AB9-96B7-4EA3-B991-06F8D6F0A706}.Debug EnifProcess|Any CPU.ActiveCfg = Debug - server|Any CPU
		{B2183AB9-96B7-4EA3-B991-06F8D6F0A706}.Debug EnifProcess|Any CPU.Build.0 = Debug - server|Any CPU
		{B2183AB9-96B7-4EA3-B991-06F8D6F0A706}.Debug EnifProcess|x86.ActiveCfg = Debug - server|x86
		{B2183AB9-96B7-4EA3-B991-06F8D6F0A706}.Debug EnifProcess|x86.Build.0 = Debug - server|x86
		{B2183AB9-96B7-4EA3-B991-06F8D6F0A706}.Debug FakeDeneb3ClientEnif|Any CPU.ActiveCfg = Debug - server|Any CPU
		{B2183AB9-96B7-4EA3-B991-06F8D6F0A706}.Debug FakeDeneb3ClientEnif|Any CPU.Build.0 = Debug - server|Any CPU
		{B2183AB9-96B7-4EA3-B991-06F8D6F0A706}.Debug FakeDeneb3ClientEnif|x86.ActiveCfg = Debug - server|x86
		{B2183AB9-96B7-4EA3-B991-06F8D6F0A706}.Debug FakeDeneb3ClientEnif|x86.Build.0 = Debug - server|x86
		{B2183AB9-96B7-4EA3-B991-06F8D6F0A706}.Debug TracePrincipalChanges|Any CPU.ActiveCfg = Debug - server|Any CPU
		{B2183AB9-96B7-4EA3-B991-06F8D6F0A706}.Debug TracePrincipalChanges|Any CPU.Build.0 = Debug - server|Any CPU
		{B2183AB9-96B7-4EA3-B991-06F8D6F0A706}.Debug TracePrincipalChanges|x86.ActiveCfg = Debug - server|x86
		{B2183AB9-96B7-4EA3-B991-06F8D6F0A706}.Debug TracePrincipalChanges|x86.Build.0 = Debug - server|x86
		{B2183AB9-96B7-4EA3-B991-06F8D6F0A706}.Debug|Any CPU.ActiveCfg = Debug|Any CPU
		{B2183AB9-96B7-4EA3-B991-06F8D6F0A706}.Debug|Any CPU.Build.0 = Debug|Any CPU
		{B2183AB9-96B7-4EA3-B991-06F8D6F0A706}.Debug|x86.ActiveCfg = Debug|x86
		{B2183AB9-96B7-4EA3-B991-06F8D6F0A706}.Debug|x86.Build.0 = Debug|x86
		{B2183AB9-96B7-4EA3-B991-06F8D6F0A706}.Debug2|Any CPU.ActiveCfg = Debug2|Any CPU
		{B2183AB9-96B7-4EA3-B991-06F8D6F0A706}.Debug2|Any CPU.Build.0 = Debug2|Any CPU
		{B2183AB9-96B7-4EA3-B991-06F8D6F0A706}.Debug2|x86.ActiveCfg = Debug2|x86
		{B2183AB9-96B7-4EA3-B991-06F8D6F0A706}.Debug2|x86.Build.0 = Debug2|x86
		{B2183AB9-96B7-4EA3-B991-06F8D6F0A706}.DebugEA|Any CPU.ActiveCfg = DebugEA|Any CPU
		{B2183AB9-96B7-4EA3-B991-06F8D6F0A706}.DebugEA|Any CPU.Build.0 = DebugEA|Any CPU
		{B2183AB9-96B7-4EA3-B991-06F8D6F0A706}.DebugEA|x86.ActiveCfg = DebugEA|x86
		{B2183AB9-96B7-4EA3-B991-06F8D6F0A706}.DebugEA|x86.Build.0 = DebugEA|x86
		{B2183AB9-96B7-4EA3-B991-06F8D6F0A706}.Release|Any CPU.ActiveCfg = Release|Any CPU
		{B2183AB9-96B7-4EA3-B991-06F8D6F0A706}.Release|Any CPU.Build.0 = Release|Any CPU
		{B2183AB9-96B7-4EA3-B991-06F8D6F0A706}.Release|x86.ActiveCfg = Release|x86
		{B2183AB9-96B7-4EA3-B991-06F8D6F0A706}.Release|x86.Build.0 = Release|x86
		{2C04D917-D411-41AA-A720-30581A73BA7E}.ConnectionToLancelot|Any CPU.ActiveCfg = ConnectionToLancelot|Any CPU
		{2C04D917-D411-41AA-A720-30581A73BA7E}.ConnectionToLancelot|Any CPU.Build.0 = ConnectionToLancelot|Any CPU
		{2C04D917-D411-41AA-A720-30581A73BA7E}.ConnectionToLancelot|x86.ActiveCfg = ConnectionToLancelot|x86
		{2C04D917-D411-41AA-A720-30581A73BA7E}.ConnectionToLancelot|x86.Build.0 = ConnectionToLancelot|x86
		{2C04D917-D411-41AA-A720-30581A73BA7E}.Debug - server|Any CPU.ActiveCfg = Debug2|Any CPU
		{2C04D917-D411-41AA-A720-30581A73BA7E}.Debug - server|Any CPU.Build.0 = Debug2|Any CPU
		{2C04D917-D411-41AA-A720-30581A73BA7E}.Debug - server|x86.ActiveCfg = Debug2|x86
		{2C04D917-D411-41AA-A720-30581A73BA7E}.Debug - server|x86.Build.0 = Debug2|x86
		{2C04D917-D411-41AA-A720-30581A73BA7E}.Debug EnifProcess|Any CPU.ActiveCfg = Debug2|Any CPU
		{2C04D917-D411-41AA-A720-30581A73BA7E}.Debug EnifProcess|Any CPU.Build.0 = Debug2|Any CPU
		{2C04D917-D411-41AA-A720-30581A73BA7E}.Debug EnifProcess|x86.ActiveCfg = Debug2|x86
		{2C04D917-D411-41AA-A720-30581A73BA7E}.Debug EnifProcess|x86.Build.0 = Debug2|x86
		{2C04D917-D411-41AA-A720-30581A73BA7E}.Debug FakeDeneb3ClientEnif|Any CPU.ActiveCfg = Debug2|Any CPU
		{2C04D917-D411-41AA-A720-30581A73BA7E}.Debug FakeDeneb3ClientEnif|Any CPU.Build.0 = Debug2|Any CPU
		{2C04D917-D411-41AA-A720-30581A73BA7E}.Debug FakeDeneb3ClientEnif|x86.ActiveCfg = Debug2|x86
		{2C04D917-D411-41AA-A720-30581A73BA7E}.Debug FakeDeneb3ClientEnif|x86.Build.0 = Debug2|x86
		{2C04D917-D411-41AA-A720-30581A73BA7E}.Debug TracePrincipalChanges|Any CPU.ActiveCfg = Debug2|Any CPU
		{2C04D917-D411-41AA-A720-30581A73BA7E}.Debug TracePrincipalChanges|Any CPU.Build.0 = Debug2|Any CPU
		{2C04D917-D411-41AA-A720-30581A73BA7E}.Debug TracePrincipalChanges|x86.ActiveCfg = Debug2|x86
		{2C04D917-D411-41AA-A720-30581A73BA7E}.Debug TracePrincipalChanges|x86.Build.0 = Debug2|x86
		{2C04D917-D411-41AA-A720-30581A73BA7E}.Debug|Any CPU.ActiveCfg = Debug|Any CPU
		{2C04D917-D411-41AA-A720-30581A73BA7E}.Debug|Any CPU.Build.0 = Debug|Any CPU
		{2C04D917-D411-41AA-A720-30581A73BA7E}.Debug|x86.ActiveCfg = Debug|x86
		{2C04D917-D411-41AA-A720-30581A73BA7E}.Debug|x86.Build.0 = Debug|x86
		{2C04D917-D411-41AA-A720-30581A73BA7E}.Debug2|Any CPU.ActiveCfg = Debug2|Any CPU
		{2C04D917-D411-41AA-A720-30581A73BA7E}.Debug2|Any CPU.Build.0 = Debug2|Any CPU
		{2C04D917-D411-41AA-A720-30581A73BA7E}.Debug2|x86.ActiveCfg = Debug2|x86
		{2C04D917-D411-41AA-A720-30581A73BA7E}.Debug2|x86.Build.0 = Debug2|x86
		{2C04D917-D411-41AA-A720-30581A73BA7E}.DebugEA|Any CPU.ActiveCfg = Debug2|Any CPU
		{2C04D917-D411-41AA-A720-30581A73BA7E}.DebugEA|Any CPU.Build.0 = Debug2|Any CPU
		{2C04D917-D411-41AA-A720-30581A73BA7E}.DebugEA|x86.ActiveCfg = Debug2|x86
		{2C04D917-D411-41AA-A720-30581A73BA7E}.DebugEA|x86.Build.0 = Debug2|x86
		{2C04D917-D411-41AA-A720-30581A73BA7E}.Release|Any CPU.ActiveCfg = Release|Any CPU
		{2C04D917-D411-41AA-A720-30581A73BA7E}.Release|Any CPU.Build.0 = Release|Any CPU
		{2C04D917-D411-41AA-A720-30581A73BA7E}.Release|x86.ActiveCfg = Release|x86
		{2C04D917-D411-41AA-A720-30581A73BA7E}.Release|x86.Build.0 = Release|x86
		{65B36519-D80A-4B33-A7A4-3BD8C8839325}.ConnectionToLancelot|Any CPU.ActiveCfg = Debug2|Any CPU
		{65B36519-D80A-4B33-A7A4-3BD8C8839325}.ConnectionToLancelot|Any CPU.Build.0 = Debug2|Any CPU
		{65B36519-D80A-4B33-A7A4-3BD8C8839325}.ConnectionToLancelot|x86.ActiveCfg = Debug2|x86
		{65B36519-D80A-4B33-A7A4-3BD8C8839325}.ConnectionToLancelot|x86.Build.0 = Debug2|x86
		{65B36519-D80A-4B33-A7A4-3BD8C8839325}.Debug - server|Any CPU.ActiveCfg = Debug2|Any CPU
		{65B36519-D80A-4B33-A7A4-3BD8C8839325}.Debug - server|Any CPU.Build.0 = Debug2|Any CPU
		{65B36519-D80A-4B33-A7A4-3BD8C8839325}.Debug - server|x86.ActiveCfg = Debug2|x86
		{65B36519-D80A-4B33-A7A4-3BD8C8839325}.Debug - server|x86.Build.0 = Debug2|x86
		{65B36519-D80A-4B33-A7A4-3BD8C8839325}.Debug EnifProcess|Any CPU.ActiveCfg = Debug2|Any CPU
		{65B36519-D80A-4B33-A7A4-3BD8C8839325}.Debug EnifProcess|Any CPU.Build.0 = Debug2|Any CPU
		{65B36519-D80A-4B33-A7A4-3BD8C8839325}.Debug EnifProcess|x86.ActiveCfg = Debug2|x86
		{65B36519-D80A-4B33-A7A4-3BD8C8839325}.Debug EnifProcess|x86.Build.0 = Debug2|x86
		{65B36519-D80A-4B33-A7A4-3BD8C8839325}.Debug FakeDeneb3ClientEnif|Any CPU.ActiveCfg = Debug2|Any CPU
		{65B36519-D80A-4B33-A7A4-3BD8C8839325}.Debug FakeDeneb3ClientEnif|Any CPU.Build.0 = Debug2|Any CPU
		{65B36519-D80A-4B33-A7A4-3BD8C8839325}.Debug FakeDeneb3ClientEnif|x86.ActiveCfg = Debug2|x86
		{65B36519-D80A-4B33-A7A4-3BD8C8839325}.Debug FakeDeneb3ClientEnif|x86.Build.0 = Debug2|x86
		{65B36519-D80A-4B33-A7A4-3BD8C8839325}.Debug TracePrincipalChanges|Any CPU.ActiveCfg = Debug2|Any CPU
		{65B36519-D80A-4B33-A7A4-3BD8C8839325}.Debug TracePrincipalChanges|Any CPU.Build.0 = Debug2|Any CPU
		{65B36519-D80A-4B33-A7A4-3BD8C8839325}.Debug TracePrincipalChanges|x86.ActiveCfg = Debug2|x86
		{65B36519-D80A-4B33-A7A4-3BD8C8839325}.Debug TracePrincipalChanges|x86.Build.0 = Debug2|x86
		{65B36519-D80A-4B33-A7A4-3BD8C8839325}.Debug|Any CPU.ActiveCfg = Debug|Any CPU
		{65B36519-D80A-4B33-A7A4-3BD8C8839325}.Debug|Any CPU.Build.0 = Debug|Any CPU
		{65B36519-D80A-4B33-A7A4-3BD8C8839325}.Debug|x86.ActiveCfg = Debug|x86
		{65B36519-D80A-4B33-A7A4-3BD8C8839325}.Debug|x86.Build.0 = Debug|x86
		{65B36519-D80A-4B33-A7A4-3BD8C8839325}.Debug2|Any CPU.ActiveCfg = Debug2|Any CPU
		{65B36519-D80A-4B33-A7A4-3BD8C8839325}.Debug2|Any CPU.Build.0 = Debug2|Any CPU
		{65B36519-D80A-4B33-A7A4-3BD8C8839325}.Debug2|x86.ActiveCfg = Debug2|x86
		{65B36519-D80A-4B33-A7A4-3BD8C8839325}.Debug2|x86.Build.0 = Debug2|x86
		{65B36519-D80A-4B33-A7A4-3BD8C8839325}.DebugEA|Any CPU.ActiveCfg = Debug2|Any CPU
		{65B36519-D80A-4B33-A7A4-3BD8C8839325}.DebugEA|Any CPU.Build.0 = Debug2|Any CPU
		{65B36519-D80A-4B33-A7A4-3BD8C8839325}.DebugEA|x86.ActiveCfg = Debug2|x86
		{65B36519-D80A-4B33-A7A4-3BD8C8839325}.DebugEA|x86.Build.0 = Debug2|x86
		{65B36519-D80A-4B33-A7A4-3BD8C8839325}.Release|Any CPU.ActiveCfg = Release|Any CPU
		{65B36519-D80A-4B33-A7A4-3BD8C8839325}.Release|Any CPU.Build.0 = Release|Any CPU
		{65B36519-D80A-4B33-A7A4-3BD8C8839325}.Release|x86.ActiveCfg = Release|x86
		{65B36519-D80A-4B33-A7A4-3BD8C8839325}.Release|x86.Build.0 = Release|x86
		{278F842F-A7FD-4F32-AA7B-5215E4AA3611}.ConnectionToLancelot|Any CPU.ActiveCfg = Debug2|Any CPU
		{278F842F-A7FD-4F32-AA7B-5215E4AA3611}.ConnectionToLancelot|Any CPU.Build.0 = Debug2|Any CPU
		{278F842F-A7FD-4F32-AA7B-5215E4AA3611}.ConnectionToLancelot|x86.ActiveCfg = Debug2|Any CPU
		{278F842F-A7FD-4F32-AA7B-5215E4AA3611}.ConnectionToLancelot|x86.Build.0 = Debug2|Any CPU
		{278F842F-A7FD-4F32-AA7B-5215E4AA3611}.Debug - server|Any CPU.ActiveCfg = Debug2|Any CPU
		{278F842F-A7FD-4F32-AA7B-5215E4AA3611}.Debug - server|Any CPU.Build.0 = Debug2|Any CPU
		{278F842F-A7FD-4F32-AA7B-5215E4AA3611}.Debug - server|x86.ActiveCfg = Debug2|Any CPU
		{278F842F-A7FD-4F32-AA7B-5215E4AA3611}.Debug - server|x86.Build.0 = Debug2|Any CPU
		{278F842F-A7FD-4F32-AA7B-5215E4AA3611}.Debug EnifProcess|Any CPU.ActiveCfg = Debug2|Any CPU
		{278F842F-A7FD-4F32-AA7B-5215E4AA3611}.Debug EnifProcess|Any CPU.Build.0 = Debug2|Any CPU
		{278F842F-A7FD-4F32-AA7B-5215E4AA3611}.Debug EnifProcess|x86.ActiveCfg = Debug2|Any CPU
		{278F842F-A7FD-4F32-AA7B-5215E4AA3611}.Debug EnifProcess|x86.Build.0 = Debug2|Any CPU
		{278F842F-A7FD-4F32-AA7B-5215E4AA3611}.Debug FakeDeneb3ClientEnif|Any CPU.ActiveCfg = Debug2|Any CPU
		{278F842F-A7FD-4F32-AA7B-5215E4AA3611}.Debug FakeDeneb3ClientEnif|Any CPU.Build.0 = Debug2|Any CPU
		{278F842F-A7FD-4F32-AA7B-5215E4AA3611}.Debug FakeDeneb3ClientEnif|x86.ActiveCfg = Debug2|Any CPU
		{278F842F-A7FD-4F32-AA7B-5215E4AA3611}.Debug FakeDeneb3ClientEnif|x86.Build.0 = Debug2|Any CPU
		{278F842F-A7FD-4F32-AA7B-5215E4AA3611}.Debug TracePrincipalChanges|Any CPU.ActiveCfg = Debug2|Any CPU
		{278F842F-A7FD-4F32-AA7B-5215E4AA3611}.Debug TracePrincipalChanges|Any CPU.Build.0 = Debug2|Any CPU
		{278F842F-A7FD-4F32-AA7B-5215E4AA3611}.Debug TracePrincipalChanges|x86.ActiveCfg = Debug2|Any CPU
		{278F842F-A7FD-4F32-AA7B-5215E4AA3611}.Debug TracePrincipalChanges|x86.Build.0 = Debug2|Any CPU
		{278F842F-A7FD-4F32-AA7B-5215E4AA3611}.Debug|Any CPU.ActiveCfg = Debug|Any CPU
		{278F842F-A7FD-4F32-AA7B-5215E4AA3611}.Debug|Any CPU.Build.0 = Debug|Any CPU
		{278F842F-A7FD-4F32-AA7B-5215E4AA3611}.Debug|x86.ActiveCfg = Debug|Any CPU
		{278F842F-A7FD-4F32-AA7B-5215E4AA3611}.Debug|x86.Build.0 = Debug|Any CPU
		{278F842F-A7FD-4F32-AA7B-5215E4AA3611}.Debug2|Any CPU.ActiveCfg = Debug2|Any CPU
		{278F842F-A7FD-4F32-AA7B-5215E4AA3611}.Debug2|Any CPU.Build.0 = Debug2|Any CPU
		{278F842F-A7FD-4F32-AA7B-5215E4AA3611}.Debug2|x86.ActiveCfg = Debug2|Any CPU
		{278F842F-A7FD-4F32-AA7B-5215E4AA3611}.Debug2|x86.Build.0 = Debug2|Any CPU
		{278F842F-A7FD-4F32-AA7B-5215E4AA3611}.DebugEA|Any CPU.ActiveCfg = Debug2|Any CPU
		{278F842F-A7FD-4F32-AA7B-5215E4AA3611}.DebugEA|Any CPU.Build.0 = Debug2|Any CPU
		{278F842F-A7FD-4F32-AA7B-5215E4AA3611}.DebugEA|x86.ActiveCfg = Debug2|Any CPU
		{278F842F-A7FD-4F32-AA7B-5215E4AA3611}.DebugEA|x86.Build.0 = Debug2|Any CPU
		{278F842F-A7FD-4F32-AA7B-5215E4AA3611}.Release|Any CPU.ActiveCfg = Release|Any CPU
		{278F842F-A7FD-4F32-AA7B-5215E4AA3611}.Release|Any CPU.Build.0 = Release|Any CPU
		{278F842F-A7FD-4F32-AA7B-5215E4AA3611}.Release|x86.ActiveCfg = Release|Any CPU
		{278F842F-A7FD-4F32-AA7B-5215E4AA3611}.Release|x86.Build.0 = Release|Any CPU
	EndGlobalSection
	GlobalSection(SolutionProperties) = preSolution
		HideSolutionNode = FALSE
	EndGlobalSection
	GlobalSection(ExtensibilityGlobals) = postSolution
		SolutionGuid = {8B6EB6E1-284D-4027-8A59-BECD0CEFE98E}
	EndGlobalSection
EndGlobal
