Microsoft Visual Studio Solution File, Format Version 12.00
# Visual Studio 15
VisualStudioVersion = 15.0.27703.2026
MinimumVisualStudioVersion = 10.0.40219.1
Project("{FAE04EC0-301F-11D3-BF4B-00C04F79EFBC}") = "EnifEtrmAggDataAdapter", "..\uu_lancelotetrm_lancelotg01\uu_lancelotetrm_lancelotg01-server\src\EnifEtrmAggDataAdapter\EnifEtrmAggDataAdapter.csproj", "{5DE8AB42-DB70-46E3-8A16-67D49BDA6383}"
EndProject
Project("{2150E333-8FDC-42A3-9474-1A3956D46DE8}") = "Etrm", "Etrm", "{F348F2F3-DFCE-4F93-A82B-9B747CD148F3}"
EndProject
Project("{FAE04EC0-301F-11D3-BF4B-00C04F79EFBC}") = "EnifEtrmCommon", "..\uu_lancelotetrm_lancelotg01\uu_lancelotetrm_lancelotg01-server\src\EnifEtrmCommon\EnifEtrmCommon.csproj", "{66FC2E11-CF34-4132-BC18-8591E3C1C040}"
EndProject
Project("{FAE04EC0-301F-11D3-BF4B-00C04F79EFBC}") = "LGCFG", "LGCFG\LGCFG.csproj", "{D38358AA-FB09-4A69-97FA-4AE33C79A1C3}"
EndProject
Project("{FAE04EC0-301F-11D3-BF4B-00C04F79EFBC}") = "EnifEtrmModules", "..\uu_lancelotetrm_lancelotg01\uu_lancelotetrm_lancelotg01-server\src\EnifEtrmModules\EnifEtrmModules.csproj", "{8453B74D-598B-4C30-87AF-4ADA8C0E6700}"
EndProject
Project("{FAE04EC0-301F-11D3-BF4B-00C04F79EFBC}") = "EnifEtrmModuleInterfaces", "..\uu_lancelotetrm_lancelotg01\uu_lancelotetrm_lancelotg01-server\src\EnifEtrmModuleInterfaces\EnifEtrmModuleInterfaces.csproj", "{FEF67F71-BD9F-4781-9273-D8F8BF46FCF9}"
EndProject
Project("{FAE04EC0-301F-11D3-BF4B-00C04F79EFBC}") = "EnifEtrmAggDataAdapterFatClientGui", "..\uu_lancelotetrm_lancelotg01\uu_lancelotetrm_lancelotg01-server\src\EnifEtrmAggDataAdapterFatClientGui\EnifEtrmAggDataAdapterFatClientGui.csproj", "{F1AB9E49-DE44-450F-B3DA-557B1ABAA4CC}"
EndProject
Project("{FAE04EC0-301F-11D3-BF4B-00C04F79EFBC}") = "EnifETRMGui", "..\uu_lancelotetrm_lancelotg01\uu_lancelotetrm_lancelotg01-server\src\EnifETRMGui\EnifETRMGui.csproj", "{F9AE8DC6-B024-44B7-94AF-8A277FC2B527}"
EndProject
Global
	GlobalSection(SolutionConfigurationPlatforms) = preSolution
		Debug|Any CPU = Debug|Any CPU
		Debug|x86 = Debug|x86
		Release|Any CPU = Release|Any CPU
		Release|x86 = Release|x86
	EndGlobalSection
	GlobalSection(ProjectConfigurationPlatforms) = postSolution
		{5DE8AB42-DB70-46E3-8A16-67D49BDA6383}.Debug|Any CPU.ActiveCfg = Debug|Any CPU
		{5DE8AB42-DB70-46E3-8A16-67D49BDA6383}.Debug|Any CPU.Build.0 = Debug|Any CPU
		{5DE8AB42-DB70-46E3-8A16-67D49BDA6383}.Debug|x86.ActiveCfg = Debug|Any CPU
		{5DE8AB42-DB70-46E3-8A16-67D49BDA6383}.Debug|x86.Build.0 = Debug|Any CPU
		{5DE8AB42-DB70-46E3-8A16-67D49BDA6383}.Release|Any CPU.ActiveCfg = Release|Any CPU
		{5DE8AB42-DB70-46E3-8A16-67D49BDA6383}.Release|Any CPU.Build.0 = Release|Any CPU
		{5DE8AB42-DB70-46E3-8A16-67D49BDA6383}.Release|x86.ActiveCfg = Release|Any CPU
		{5DE8AB42-DB70-46E3-8A16-67D49BDA6383}.Release|x86.Build.0 = Release|Any CPU
		{66FC2E11-CF34-4132-BC18-8591E3C1C040}.Debug|Any CPU.ActiveCfg = Debug|Any CPU
		{66FC2E11-CF34-4132-BC18-8591E3C1C040}.Debug|Any CPU.Build.0 = Debug|Any CPU
		{66FC2E11-CF34-4132-BC18-8591E3C1C040}.Debug|x86.ActiveCfg = Debug|Any CPU
		{66FC2E11-CF34-4132-BC18-8591E3C1C040}.Debug|x86.Build.0 = Debug|Any CPU
		{66FC2E11-CF34-4132-BC18-8591E3C1C040}.Release|Any CPU.ActiveCfg = Release|Any CPU
		{66FC2E11-CF34-4132-BC18-8591E3C1C040}.Release|Any CPU.Build.0 = Release|Any CPU
		{66FC2E11-CF34-4132-BC18-8591E3C1C040}.Release|x86.ActiveCfg = Release|Any CPU
		{66FC2E11-CF34-4132-BC18-8591E3C1C040}.Release|x86.Build.0 = Release|Any CPU
		{D38358AA-FB09-4A69-97FA-4AE33C79A1C3}.Debug|Any CPU.ActiveCfg = Debug|Any CPU
		{D38358AA-FB09-4A69-97FA-4AE33C79A1C3}.Debug|Any CPU.Build.0 = Debug|Any CPU
		{D38358AA-FB09-4A69-97FA-4AE33C79A1C3}.Debug|x86.ActiveCfg = Debug|Any CPU
		{D38358AA-FB09-4A69-97FA-4AE33C79A1C3}.Debug|x86.Build.0 = Debug|Any CPU
		{D38358AA-FB09-4A69-97FA-4AE33C79A1C3}.Release|Any CPU.ActiveCfg = Release|Any CPU
		{D38358AA-FB09-4A69-97FA-4AE33C79A1C3}.Release|Any CPU.Build.0 = Release|Any CPU
		{D38358AA-FB09-4A69-97FA-4AE33C79A1C3}.Release|x86.ActiveCfg = Release|Any CPU
		{D38358AA-FB09-4A69-97FA-4AE33C79A1C3}.Release|x86.Build.0 = Release|Any CPU
		{8453B74D-598B-4C30-87AF-4ADA8C0E6700}.Debug|Any CPU.ActiveCfg = Debug|Any CPU
		{8453B74D-598B-4C30-87AF-4ADA8C0E6700}.Debug|Any CPU.Build.0 = Debug|Any CPU
		{8453B74D-598B-4C30-87AF-4ADA8C0E6700}.Debug|x86.ActiveCfg = Debug|Any CPU
		{8453B74D-598B-4C30-87AF-4ADA8C0E6700}.Debug|x86.Build.0 = Debug|Any CPU
		{8453B74D-598B-4C30-87AF-4ADA8C0E6700}.Release|Any CPU.ActiveCfg = Release|Any CPU
		{8453B74D-598B-4C30-87AF-4ADA8C0E6700}.Release|Any CPU.Build.0 = Release|Any CPU
		{8453B74D-598B-4C30-87AF-4ADA8C0E6700}.Release|x86.ActiveCfg = Release|Any CPU
		{8453B74D-598B-4C30-87AF-4ADA8C0E6700}.Release|x86.Build.0 = Release|Any CPU
		{FEF67F71-BD9F-4781-9273-D8F8BF46FCF9}.Debug|Any CPU.ActiveCfg = Debug|Any CPU
		{FEF67F71-BD9F-4781-9273-D8F8BF46FCF9}.Debug|Any CPU.Build.0 = Debug|Any CPU
		{FEF67F71-BD9F-4781-9273-D8F8BF46FCF9}.Debug|x86.ActiveCfg = Debug|Any CPU
		{FEF67F71-BD9F-4781-9273-D8F8BF46FCF9}.Debug|x86.Build.0 = Debug|Any CPU
		{FEF67F71-BD9F-4781-9273-D8F8BF46FCF9}.Release|Any CPU.ActiveCfg = Release|Any CPU
		{FEF67F71-BD9F-4781-9273-D8F8BF46FCF9}.Release|Any CPU.Build.0 = Release|Any CPU
		{FEF67F71-BD9F-4781-9273-D8F8BF46FCF9}.Release|x86.ActiveCfg = Release|Any CPU
		{FEF67F71-BD9F-4781-9273-D8F8BF46FCF9}.Release|x86.Build.0 = Release|Any CPU
		{F1AB9E49-DE44-450F-B3DA-557B1ABAA4CC}.Debug|Any CPU.ActiveCfg = Debug|Any CPU
		{F1AB9E49-DE44-450F-B3DA-557B1ABAA4CC}.Debug|Any CPU.Build.0 = Debug|Any CPU
		{F1AB9E49-DE44-450F-B3DA-557B1ABAA4CC}.Debug|x86.ActiveCfg = Debug|Any CPU
		{F1AB9E49-DE44-450F-B3DA-557B1ABAA4CC}.Debug|x86.Build.0 = Debug|Any CPU
		{F1AB9E49-DE44-450F-B3DA-557B1ABAA4CC}.Release|Any CPU.ActiveCfg = Release|Any CPU
		{F1AB9E49-DE44-450F-B3DA-557B1ABAA4CC}.Release|Any CPU.Build.0 = Release|Any CPU
		{F1AB9E49-DE44-450F-B3DA-557B1ABAA4CC}.Release|x86.ActiveCfg = Release|Any CPU
		{F1AB9E49-DE44-450F-B3DA-557B1ABAA4CC}.Release|x86.Build.0 = Release|Any CPU
		{F9AE8DC6-B024-44B7-94AF-8A277FC2B527}.Debug|Any CPU.ActiveCfg = Debug|Any CPU
		{F9AE8DC6-B024-44B7-94AF-8A277FC2B527}.Debug|Any CPU.Build.0 = Debug|Any CPU
		{F9AE8DC6-B024-44B7-94AF-8A277FC2B527}.Debug|x86.ActiveCfg = Debug|Any CPU
		{F9AE8DC6-B024-44B7-94AF-8A277FC2B527}.Debug|x86.Build.0 = Debug|Any CPU
		{F9AE8DC6-B024-44B7-94AF-8A277FC2B527}.Release|Any CPU.ActiveCfg = Release|Any CPU
		{F9AE8DC6-B024-44B7-94AF-8A277FC2B527}.Release|Any CPU.Build.0 = Release|Any CPU
		{F9AE8DC6-B024-44B7-94AF-8A277FC2B527}.Release|x86.ActiveCfg = Release|Any CPU
		{F9AE8DC6-B024-44B7-94AF-8A277FC2B527}.Release|x86.Build.0 = Release|Any CPU
	EndGlobalSection
	GlobalSection(SolutionProperties) = preSolution
		HideSolutionNode = FALSE
	EndGlobalSection
	GlobalSection(NestedProjects) = preSolution
		{5DE8AB42-DB70-46E3-8A16-67D49BDA6383} = {F348F2F3-DFCE-4F93-A82B-9B747CD148F3}
		{66FC2E11-CF34-4132-BC18-8591E3C1C040} = {F348F2F3-DFCE-4F93-A82B-9B747CD148F3}
		{8453B74D-598B-4C30-87AF-4ADA8C0E6700} = {F348F2F3-DFCE-4F93-A82B-9B747CD148F3}
		{FEF67F71-BD9F-4781-9273-D8F8BF46FCF9} = {F348F2F3-DFCE-4F93-A82B-9B747CD148F3}
		{F1AB9E49-DE44-450F-B3DA-557B1ABAA4CC} = {F348F2F3-DFCE-4F93-A82B-9B747CD148F3}
		{F9AE8DC6-B024-44B7-94AF-8A277FC2B527} = {F348F2F3-DFCE-4F93-A82B-9B747CD148F3}
	EndGlobalSection
	GlobalSection(ExtensibilityGlobals) = postSolution
		SolutionGuid = {80960A95-8237-4801-9369-E8F9C4CCE086}
	EndGlobalSection
EndGlobal
