Microsoft Visual Studio Solution File, Format Version 12.00
# Visual Studio 15
VisualStudioVersion = 15.0.27703.2026
MinimumVisualStudioVersion = 10.0.40219.1
Project("{FAE04EC0-301F-11D3-BF4B-00C04F79EFBC}") = "EnifEtrmAggDataAdapter", "..\uu_lancelotetrm_lancelotg01\uu_lancelotetrm_lancelotg01-server\src\EnifEtrmAggDataAdapter\EnifEtrmAggDataAdapter.csproj", "{5DE8AB42-DB70-46E3-8A16-67D49BDA6383}"
EndProject
Project("{9A19103F-16F7-4668-BE54-9A1E7A4F7556}") = "Cfg", "Cfg\Cfg.csproj", "{121B0734-ACB0-45C8-B624-33793F5C3020}"
EndProject
Project("{2150E333-8FDC-42A3-9474-1A3956D46DE8}") = "Etrm", "Etrm", "{F348F2F3-DFCE-4F93-A82B-9B747CD148F3}"
EndProject
Global
	GlobalSection(SolutionConfigurationPlatforms) = preSolution
		Debug|Any CPU = Debug|Any CPU
		Debug|x86 = Debug|x86
		Release|Any CPU = Release|Any CPU
		Release|x86 = Release|x86
	EndGlobalSection
	GlobalSection(ProjectConfigurationPlatforms) = postSolution
		{5DE8AB42-DB70-46E3-8A16-67D49BDA6383}.Debug|Any CPU.ActiveCfg = Debug|Any CPU
		{5DE8AB42-DB70-46E3-8A16-67D49BDA6383}.Debug|Any CPU.Build.0 = Debug|Any CPU
		{5DE8AB42-DB70-46E3-8A16-67D49BDA6383}.Debug|x86.ActiveCfg = Debug|Any CPU
		{5DE8AB42-DB70-46E3-8A16-67D49BDA6383}.Debug|x86.Build.0 = Debug|Any CPU
		{5DE8AB42-DB70-46E3-8A16-67D49BDA6383}.Release|Any CPU.ActiveCfg = Release|Any CPU
		{5DE8AB42-DB70-46E3-8A16-67D49BDA6383}.Release|Any CPU.Build.0 = Release|Any CPU
		{5DE8AB42-DB70-46E3-8A16-67D49BDA6383}.Release|x86.ActiveCfg = Release|Any CPU
		{5DE8AB42-DB70-46E3-8A16-67D49BDA6383}.Release|x86.Build.0 = Release|Any CPU
		{121B0734-ACB0-45C8-B624-33793F5C3020}.Debug|Any CPU.ActiveCfg = Debug|Any CPU
		{121B0734-ACB0-45C8-B624-33793F5C3020}.Debug|Any CPU.Build.0 = Debug|Any CPU
		{121B0734-ACB0-45C8-B624-33793F5C3020}.Debug|x86.ActiveCfg = Debug|Any CPU
		{121B0734-ACB0-45C8-B624-33793F5C3020}.Debug|x86.Build.0 = Debug|Any CPU
		{121B0734-ACB0-45C8-B624-33793F5C3020}.Release|Any CPU.ActiveCfg = Release|Any CPU
		{121B0734-ACB0-45C8-B624-33793F5C3020}.Release|Any CPU.Build.0 = Release|Any CPU
		{121B0734-ACB0-45C8-B624-33793F5C3020}.Release|x86.ActiveCfg = Release|Any CPU
		{121B0734-ACB0-45C8-B624-33793F5C3020}.Release|x86.Build.0 = Release|Any CPU
	EndGlobalSection
	GlobalSection(SolutionProperties) = preSolution
		HideSolutionNode = FALSE
	EndGlobalSection
	GlobalSection(NestedProjects) = preSolution
		{5DE8AB42-DB70-46E3-8A16-67D49BDA6383} = {F348F2F3-DFCE-4F93-A82B-9B747CD148F3}
	EndGlobalSection
	GlobalSection(ExtensibilityGlobals) = postSolution
		SolutionGuid = {80960A95-8237-4801-9369-E8F9C4CCE086}
	EndGlobalSection
EndGlobal
